
Microsoft Visual Studio Solution File, Format Version 12.00
# Visual Studio Version 17
VisualStudioVersion = 17.8.34511.84
MinimumVisualStudioVersion = 10.0.40219.1
Project("{FAE04EC0-301F-11D3-BF4B-00C04F79EFBC}") = "UAS-FAIZ", "UAS-FAIZ\UAS-FAIZ.csproj", "{F78CC95B-DAA5-461F-8928-9853B82489AF}"
EndProject
Global
	GlobalSection(SolutionConfigurationPlatforms) = preSolution
		Debug|Any CPU = Debug|Any CPU
		Release|Any CPU = Release|Any CPU
	EndGlobalSection
	GlobalSection(ProjectConfigurationPlatforms) = postSolution
		{F78CC95B-DAA5-461F-8928-9853B82489AF}.Debug|Any CPU.ActiveCfg = Debug|Any CPU
		{F78CC95B-DAA5-461F-8928-9853B82489AF}.Debug|Any CPU.Build.0 = Debug|Any CPU
		{F78CC95B-DAA5-461F-8928-9853B82489AF}.Release|Any CPU.ActiveCfg = Release|Any CPU
		{F78CC95B-DAA5-461F-8928-9853B82489AF}.Release|Any CPU.Build.0 = Release|Any CPU
	EndGlobalSection
	GlobalSection(SolutionProperties) = preSolution
		HideSolutionNode = FALSE
	EndGlobalSection
	GlobalSection(ExtensibilityGlobals) = postSolution
		SolutionGuid = {AD8D0CC9-0641-417B-955D-9F0FA699503B}
	EndGlobalSection
EndGlobal
